
Microsoft Visual Studio Solution File, Format Version 12.00
# Visual Studio 2012
Project("{FAE04EC0-301F-11D3-BF4B-00C04F79EFBC}") = "Ultra.Surface", "Ultra.Surface\Ultra.Surface.csproj", "{CB518407-658A-43DD-887C-882EAE1F7B23}"
EndProject
Project("{FAE04EC0-301F-11D3-BF4B-00C04F79EFBC}") = "DbgEntry", "DbgEntry\DbgEntry.csproj", "{A04E2367-22FE-49B7-9DC8-6FB7DAA3181B}"
EndProject
Project("{FAE04EC0-301F-11D3-BF4B-00C04F79EFBC}") = "DbEntity", "DbEntity\DbEntity.csproj", "{0113C4B0-C116-4CBA-A617-F7EE5BE9C4FB}"
EndProject
Project("{FAE04EC0-301F-11D3-BF4B-00C04F79EFBC}") = "Ultra.Web.Core", "Ultra.Web.Core\Ultra.Web.Core.csproj", "{AA07F32A-5FC8-4975-8A7F-1B23502D07AE}"
EndProject
Project("{FAE04EC0-301F-11D3-BF4B-00C04F79EFBC}") = "Entry", "Entry\Entry.csproj", "{815EF561-0EC7-4614-A1FF-87790B51261A}"
EndProject
Project("{FAE04EC0-301F-11D3-BF4B-00C04F79EFBC}") = "Ultra.Login", "Ultra.Login\Ultra.Login.csproj", "{B351B6A3-FE48-4896-A38B-F9D53FED83F1}"
EndProject
Project("{FAE04EC0-301F-11D3-BF4B-00C04F79EFBC}") = "Ultra.LoginBind", "Ultra.LoginBind\Ultra.LoginBind.csproj", "{4378E407-621C-466F-AF57-DF6481A340FA}"
EndProject
Project("{FAE04EC0-301F-11D3-BF4B-00C04F79EFBC}") = "Ultra.Permission", "Ultra.Permission\Ultra.Permission.csproj", "{2DCF2D61-5D33-4396-B774-4C8C351FEB02}"
EndProject
Project("{FAE04EC0-301F-11D3-BF4B-00C04F79EFBC}") = "Ultra.Role", "Ultra.Role\Ultra.Role.csproj", "{09BD2BB3-8709-4701-8645-AD22214212B8}"
EndProject
Project("{2150E333-8FDC-42A3-9474-1A3956D46DE8}") = "系统管理", "系统管理", "{AE46579B-5C60-4C84-9914-1CA3F01277AF}"
EndProject
Project("{2150E333-8FDC-42A3-9474-1A3956D46DE8}") = "基础信息", "基础信息", "{C7B0EAE7-F72E-4C91-88AD-DF5497ACB05F}"
EndProject
Project("{FAE04EC0-301F-11D3-BF4B-00C04F79EFBC}") = "Ultra.Item", "Ultra.Item\Ultra.Item.csproj", "{C71FC5A6-0F1D-4A26-9DAB-4AAC8B6D3AD3}"
EndProject
Project("{FAE04EC0-301F-11D3-BF4B-00C04F79EFBC}") = "Ultra.Member", "Ultra.Member\Ultra.Member.csproj", "{F23BE3FA-F0F3-4972-80B3-68A4F8924D72}"
EndProject
Project("{FAE04EC0-301F-11D3-BF4B-00C04F79EFBC}") = "Ultra.Controls", "Ultra.Controls\Ultra.Controls.csproj", "{728D000A-6853-4542-BFBF-596DD0C57E54}"
EndProject
Project("{FAE04EC0-301F-11D3-BF4B-00C04F79EFBC}") = "Ultra.Trade", "Ultra.Trade\Ultra.Trade.csproj", "{7C87E261-5BEF-4C50-85BF-1D1BFF6F49AF}"
EndProject
Project("{2150E333-8FDC-42A3-9474-1A3956D46DE8}") = "lib", "lib", "{07437EE3-B99D-4C5A-930F-713E121CBF3C}"
EndProject
Project("{FAE04EC0-301F-11D3-BF4B-00C04F79EFBC}") = "HTMLEditorControl", "HtmlEditorControl\HTMLEditorControl.csproj", "{5873DE0F-6853-4C8E-91A4-7A6861069A9A}"
EndProject
Project("{2150E333-8FDC-42A3-9474-1A3956D46DE8}") = "库存管理", "库存管理", "{14C8E760-E425-433E-9688-E767AB9E7E6E}"
EndProject
Project("{FAE04EC0-301F-11D3-BF4B-00C04F79EFBC}") = "Ultra.Inventory", "Ultra.Inventory\Ultra.Inventory.csproj", "{38144553-A348-45BE-B4BB-DC1E22A6B3E0}"
EndProject
Project("{FAE04EC0-301F-11D3-BF4B-00C04F79EFBC}") = "EmitMapper", "EmitMapper\EmitMapper.csproj", "{1B6AB0C8-B8E2-47AC-89E8-8B029EA1BCA2}"
EndProject
Project("{2150E333-8FDC-42A3-9474-1A3956D46DE8}") = "订单管理", "订单管理", "{2890C695-4335-4973-91A5-145907B4C2C2}"
EndProject
Project("{FAE04EC0-301F-11D3-BF4B-00C04F79EFBC}") = "Ultra.Excel", "Ultra.Excel\Ultra.Excel.csproj", "{FCDEBED7-B317-4C95-8302-0BC9880293F2}"
EndProject
Project("{FAE04EC0-301F-11D3-BF4B-00C04F79EFBC}") = "Ultra.ReturnGoods", "Ultra.ReturnGoods\Ultra.ReturnGoods.csproj", "{8D36E0A9-087F-4197-8C38-0623E9EDBFF9}"
EndProject
Project("{FAE04EC0-301F-11D3-BF4B-00C04F79EFBC}") = "Ultra.User", "Ultra.User\Ultra.User.csproj", "{85A94057-867B-4A31-824E-ED2FFBA6C248}"
EndProject
Global
	GlobalSection(SolutionConfigurationPlatforms) = preSolution
		Debug|Any CPU = Debug|Any CPU
		Develog|Any CPU = Develog|Any CPU
		Release|Any CPU = Release|Any CPU
	EndGlobalSection
	GlobalSection(ProjectConfigurationPlatforms) = postSolution
		{CB518407-658A-43DD-887C-882EAE1F7B23}.Debug|Any CPU.ActiveCfg = Debug|Any CPU
		{CB518407-658A-43DD-887C-882EAE1F7B23}.Debug|Any CPU.Build.0 = Debug|Any CPU
		{CB518407-658A-43DD-887C-882EAE1F7B23}.Develog|Any CPU.ActiveCfg = Debug|Any CPU
		{CB518407-658A-43DD-887C-882EAE1F7B23}.Develog|Any CPU.Build.0 = Debug|Any CPU
		{CB518407-658A-43DD-887C-882EAE1F7B23}.Release|Any CPU.ActiveCfg = Release|Any CPU
		{CB518407-658A-43DD-887C-882EAE1F7B23}.Release|Any CPU.Build.0 = Release|Any CPU
		{A04E2367-22FE-49B7-9DC8-6FB7DAA3181B}.Debug|Any CPU.ActiveCfg = Debug|Any CPU
		{A04E2367-22FE-49B7-9DC8-6FB7DAA3181B}.Debug|Any CPU.Build.0 = Debug|Any CPU
		{A04E2367-22FE-49B7-9DC8-6FB7DAA3181B}.Develog|Any CPU.ActiveCfg = Debug|Any CPU
		{A04E2367-22FE-49B7-9DC8-6FB7DAA3181B}.Develog|Any CPU.Build.0 = Debug|Any CPU
		{A04E2367-22FE-49B7-9DC8-6FB7DAA3181B}.Release|Any CPU.ActiveCfg = Release|Any CPU
		{A04E2367-22FE-49B7-9DC8-6FB7DAA3181B}.Release|Any CPU.Build.0 = Release|Any CPU
		{0113C4B0-C116-4CBA-A617-F7EE5BE9C4FB}.Debug|Any CPU.ActiveCfg = Debug|Any CPU
		{0113C4B0-C116-4CBA-A617-F7EE5BE9C4FB}.Debug|Any CPU.Build.0 = Debug|Any CPU
		{0113C4B0-C116-4CBA-A617-F7EE5BE9C4FB}.Develog|Any CPU.ActiveCfg = Debug|Any CPU
		{0113C4B0-C116-4CBA-A617-F7EE5BE9C4FB}.Develog|Any CPU.Build.0 = Debug|Any CPU
		{0113C4B0-C116-4CBA-A617-F7EE5BE9C4FB}.Release|Any CPU.ActiveCfg = Release|Any CPU
		{0113C4B0-C116-4CBA-A617-F7EE5BE9C4FB}.Release|Any CPU.Build.0 = Release|Any CPU
		{AA07F32A-5FC8-4975-8A7F-1B23502D07AE}.Debug|Any CPU.ActiveCfg = Debug|Any CPU
		{AA07F32A-5FC8-4975-8A7F-1B23502D07AE}.Debug|Any CPU.Build.0 = Debug|Any CPU
		{AA07F32A-5FC8-4975-8A7F-1B23502D07AE}.Develog|Any CPU.ActiveCfg = Debug|Any CPU
		{AA07F32A-5FC8-4975-8A7F-1B23502D07AE}.Develog|Any CPU.Build.0 = Debug|Any CPU
		{AA07F32A-5FC8-4975-8A7F-1B23502D07AE}.Release|Any CPU.ActiveCfg = Release|Any CPU
		{AA07F32A-5FC8-4975-8A7F-1B23502D07AE}.Release|Any CPU.Build.0 = Release|Any CPU
		{815EF561-0EC7-4614-A1FF-87790B51261A}.Debug|Any CPU.ActiveCfg = Debug|Any CPU
		{815EF561-0EC7-4614-A1FF-87790B51261A}.Debug|Any CPU.Build.0 = Debug|Any CPU
		{815EF561-0EC7-4614-A1FF-87790B51261A}.Develog|Any CPU.ActiveCfg = Debug|Any CPU
		{815EF561-0EC7-4614-A1FF-87790B51261A}.Develog|Any CPU.Build.0 = Debug|Any CPU
		{815EF561-0EC7-4614-A1FF-87790B51261A}.Release|Any CPU.ActiveCfg = Release|Any CPU
		{815EF561-0EC7-4614-A1FF-87790B51261A}.Release|Any CPU.Build.0 = Release|Any CPU
		{B351B6A3-FE48-4896-A38B-F9D53FED83F1}.Debug|Any CPU.ActiveCfg = Debug|Any CPU
		{B351B6A3-FE48-4896-A38B-F9D53FED83F1}.Debug|Any CPU.Build.0 = Debug|Any CPU
		{B351B6A3-FE48-4896-A38B-F9D53FED83F1}.Develog|Any CPU.ActiveCfg = Debug|Any CPU
		{B351B6A3-FE48-4896-A38B-F9D53FED83F1}.Develog|Any CPU.Build.0 = Debug|Any CPU
		{B351B6A3-FE48-4896-A38B-F9D53FED83F1}.Release|Any CPU.ActiveCfg = Release|Any CPU
		{B351B6A3-FE48-4896-A38B-F9D53FED83F1}.Release|Any CPU.Build.0 = Release|Any CPU
		{4378E407-621C-466F-AF57-DF6481A340FA}.Debug|Any CPU.ActiveCfg = Debug|Any CPU
		{4378E407-621C-466F-AF57-DF6481A340FA}.Debug|Any CPU.Build.0 = Debug|Any CPU
		{4378E407-621C-466F-AF57-DF6481A340FA}.Develog|Any CPU.ActiveCfg = Debug|Any CPU
		{4378E407-621C-466F-AF57-DF6481A340FA}.Develog|Any CPU.Build.0 = Debug|Any CPU
		{4378E407-621C-466F-AF57-DF6481A340FA}.Release|Any CPU.ActiveCfg = Release|Any CPU
		{4378E407-621C-466F-AF57-DF6481A340FA}.Release|Any CPU.Build.0 = Release|Any CPU
		{2DCF2D61-5D33-4396-B774-4C8C351FEB02}.Debug|Any CPU.ActiveCfg = Debug|Any CPU
		{2DCF2D61-5D33-4396-B774-4C8C351FEB02}.Debug|Any CPU.Build.0 = Debug|Any CPU
		{2DCF2D61-5D33-4396-B774-4C8C351FEB02}.Develog|Any CPU.ActiveCfg = Debug|Any CPU
		{2DCF2D61-5D33-4396-B774-4C8C351FEB02}.Develog|Any CPU.Build.0 = Debug|Any CPU
		{2DCF2D61-5D33-4396-B774-4C8C351FEB02}.Release|Any CPU.ActiveCfg = Release|Any CPU
		{2DCF2D61-5D33-4396-B774-4C8C351FEB02}.Release|Any CPU.Build.0 = Release|Any CPU
		{09BD2BB3-8709-4701-8645-AD22214212B8}.Debug|Any CPU.ActiveCfg = Debug|Any CPU
		{09BD2BB3-8709-4701-8645-AD22214212B8}.Debug|Any CPU.Build.0 = Debug|Any CPU
		{09BD2BB3-8709-4701-8645-AD22214212B8}.Develog|Any CPU.ActiveCfg = Debug|Any CPU
		{09BD2BB3-8709-4701-8645-AD22214212B8}.Develog|Any CPU.Build.0 = Debug|Any CPU
		{09BD2BB3-8709-4701-8645-AD22214212B8}.Release|Any CPU.ActiveCfg = Release|Any CPU
		{09BD2BB3-8709-4701-8645-AD22214212B8}.Release|Any CPU.Build.0 = Release|Any CPU
		{C71FC5A6-0F1D-4A26-9DAB-4AAC8B6D3AD3}.Debug|Any CPU.ActiveCfg = Debug|Any CPU
		{C71FC5A6-0F1D-4A26-9DAB-4AAC8B6D3AD3}.Debug|Any CPU.Build.0 = Debug|Any CPU
		{C71FC5A6-0F1D-4A26-9DAB-4AAC8B6D3AD3}.Develog|Any CPU.ActiveCfg = Debug|Any CPU
		{C71FC5A6-0F1D-4A26-9DAB-4AAC8B6D3AD3}.Develog|Any CPU.Build.0 = Debug|Any CPU
		{C71FC5A6-0F1D-4A26-9DAB-4AAC8B6D3AD3}.Release|Any CPU.ActiveCfg = Release|Any CPU
		{C71FC5A6-0F1D-4A26-9DAB-4AAC8B6D3AD3}.Release|Any CPU.Build.0 = Release|Any CPU
		{F23BE3FA-F0F3-4972-80B3-68A4F8924D72}.Debug|Any CPU.ActiveCfg = Debug|Any CPU
		{F23BE3FA-F0F3-4972-80B3-68A4F8924D72}.Debug|Any CPU.Build.0 = Debug|Any CPU
		{F23BE3FA-F0F3-4972-80B3-68A4F8924D72}.Develog|Any CPU.ActiveCfg = Debug|Any CPU
		{F23BE3FA-F0F3-4972-80B3-68A4F8924D72}.Develog|Any CPU.Build.0 = Debug|Any CPU
		{F23BE3FA-F0F3-4972-80B3-68A4F8924D72}.Release|Any CPU.ActiveCfg = Release|Any CPU
		{F23BE3FA-F0F3-4972-80B3-68A4F8924D72}.Release|Any CPU.Build.0 = Release|Any CPU
		{728D000A-6853-4542-BFBF-596DD0C57E54}.Debug|Any CPU.ActiveCfg = Debug|Any CPU
		{728D000A-6853-4542-BFBF-596DD0C57E54}.Debug|Any CPU.Build.0 = Debug|Any CPU
		{728D000A-6853-4542-BFBF-596DD0C57E54}.Develog|Any CPU.ActiveCfg = Debug|Any CPU
		{728D000A-6853-4542-BFBF-596DD0C57E54}.Develog|Any CPU.Build.0 = Debug|Any CPU
		{728D000A-6853-4542-BFBF-596DD0C57E54}.Release|Any CPU.ActiveCfg = Release|Any CPU
		{728D000A-6853-4542-BFBF-596DD0C57E54}.Release|Any CPU.Build.0 = Release|Any CPU
		{7C87E261-5BEF-4C50-85BF-1D1BFF6F49AF}.Debug|Any CPU.ActiveCfg = Debug|Any CPU
		{7C87E261-5BEF-4C50-85BF-1D1BFF6F49AF}.Debug|Any CPU.Build.0 = Debug|Any CPU
		{7C87E261-5BEF-4C50-85BF-1D1BFF6F49AF}.Develog|Any CPU.ActiveCfg = Debug|Any CPU
		{7C87E261-5BEF-4C50-85BF-1D1BFF6F49AF}.Develog|Any CPU.Build.0 = Debug|Any CPU
		{7C87E261-5BEF-4C50-85BF-1D1BFF6F49AF}.Release|Any CPU.ActiveCfg = Release|Any CPU
		{7C87E261-5BEF-4C50-85BF-1D1BFF6F49AF}.Release|Any CPU.Build.0 = Release|Any CPU
		{5873DE0F-6853-4C8E-91A4-7A6861069A9A}.Debug|Any CPU.ActiveCfg = Debug|Any CPU
		{5873DE0F-6853-4C8E-91A4-7A6861069A9A}.Debug|Any CPU.Build.0 = Debug|Any CPU
		{5873DE0F-6853-4C8E-91A4-7A6861069A9A}.Develog|Any CPU.ActiveCfg = Debug|Any CPU
		{5873DE0F-6853-4C8E-91A4-7A6861069A9A}.Develog|Any CPU.Build.0 = Debug|Any CPU
		{5873DE0F-6853-4C8E-91A4-7A6861069A9A}.Release|Any CPU.ActiveCfg = Release|Any CPU
		{5873DE0F-6853-4C8E-91A4-7A6861069A9A}.Release|Any CPU.Build.0 = Release|Any CPU
		{38144553-A348-45BE-B4BB-DC1E22A6B3E0}.Debug|Any CPU.ActiveCfg = Debug|Any CPU
		{38144553-A348-45BE-B4BB-DC1E22A6B3E0}.Debug|Any CPU.Build.0 = Debug|Any CPU
		{38144553-A348-45BE-B4BB-DC1E22A6B3E0}.Develog|Any CPU.ActiveCfg = Debug|Any CPU
		{38144553-A348-45BE-B4BB-DC1E22A6B3E0}.Develog|Any CPU.Build.0 = Debug|Any CPU
		{38144553-A348-45BE-B4BB-DC1E22A6B3E0}.Release|Any CPU.ActiveCfg = Release|Any CPU
		{38144553-A348-45BE-B4BB-DC1E22A6B3E0}.Release|Any CPU.Build.0 = Release|Any CPU
		{1B6AB0C8-B8E2-47AC-89E8-8B029EA1BCA2}.Debug|Any CPU.ActiveCfg = Debug|Any CPU
		{1B6AB0C8-B8E2-47AC-89E8-8B029EA1BCA2}.Debug|Any CPU.Build.0 = Debug|Any CPU
		{1B6AB0C8-B8E2-47AC-89E8-8B029EA1BCA2}.Develog|Any CPU.ActiveCfg = Develog|Any CPU
		{1B6AB0C8-B8E2-47AC-89E8-8B029EA1BCA2}.Develog|Any CPU.Build.0 = Develog|Any CPU
		{1B6AB0C8-B8E2-47AC-89E8-8B029EA1BCA2}.Release|Any CPU.ActiveCfg = Release|Any CPU
		{1B6AB0C8-B8E2-47AC-89E8-8B029EA1BCA2}.Release|Any CPU.Build.0 = Release|Any CPU
		{FCDEBED7-B317-4C95-8302-0BC9880293F2}.Debug|Any CPU.ActiveCfg = Debug|Any CPU
		{FCDEBED7-B317-4C95-8302-0BC9880293F2}.Debug|Any CPU.Build.0 = Debug|Any CPU
		{FCDEBED7-B317-4C95-8302-0BC9880293F2}.Develog|Any CPU.ActiveCfg = Debug|Any CPU
		{FCDEBED7-B317-4C95-8302-0BC9880293F2}.Develog|Any CPU.Build.0 = Debug|Any CPU
		{FCDEBED7-B317-4C95-8302-0BC9880293F2}.Release|Any CPU.ActiveCfg = Release|Any CPU
		{FCDEBED7-B317-4C95-8302-0BC9880293F2}.Release|Any CPU.Build.0 = Release|Any CPU
		{8D36E0A9-087F-4197-8C38-0623E9EDBFF9}.Debug|Any CPU.ActiveCfg = Debug|Any CPU
		{8D36E0A9-087F-4197-8C38-0623E9EDBFF9}.Debug|Any CPU.Build.0 = Debug|Any CPU
		{8D36E0A9-087F-4197-8C38-0623E9EDBFF9}.Develog|Any CPU.ActiveCfg = Debug|Any CPU
		{8D36E0A9-087F-4197-8C38-0623E9EDBFF9}.Develog|Any CPU.Build.0 = Debug|Any CPU
		{8D36E0A9-087F-4197-8C38-0623E9EDBFF9}.Release|Any CPU.ActiveCfg = Release|Any CPU
		{8D36E0A9-087F-4197-8C38-0623E9EDBFF9}.Release|Any CPU.Build.0 = Release|Any CPU
		{85A94057-867B-4A31-824E-ED2FFBA6C248}.Debug|Any CPU.ActiveCfg = Debug|Any CPU
		{85A94057-867B-4A31-824E-ED2FFBA6C248}.Debug|Any CPU.Build.0 = Debug|Any CPU
		{85A94057-867B-4A31-824E-ED2FFBA6C248}.Develog|Any CPU.ActiveCfg = Debug|Any CPU
		{85A94057-867B-4A31-824E-ED2FFBA6C248}.Develog|Any CPU.Build.0 = Debug|Any CPU
		{85A94057-867B-4A31-824E-ED2FFBA6C248}.Release|Any CPU.ActiveCfg = Release|Any CPU
		{85A94057-867B-4A31-824E-ED2FFBA6C248}.Release|Any CPU.Build.0 = Release|Any CPU
	EndGlobalSection
	GlobalSection(SolutionProperties) = preSolution
		HideSolutionNode = FALSE
	EndGlobalSection
	GlobalSection(NestedProjects) = preSolution
		{0113C4B0-C116-4CBA-A617-F7EE5BE9C4FB} = {07437EE3-B99D-4C5A-930F-713E121CBF3C}
		{AA07F32A-5FC8-4975-8A7F-1B23502D07AE} = {07437EE3-B99D-4C5A-930F-713E121CBF3C}
		{728D000A-6853-4542-BFBF-596DD0C57E54} = {07437EE3-B99D-4C5A-930F-713E121CBF3C}
		{CB518407-658A-43DD-887C-882EAE1F7B23} = {07437EE3-B99D-4C5A-930F-713E121CBF3C}
		{5873DE0F-6853-4C8E-91A4-7A6861069A9A} = {07437EE3-B99D-4C5A-930F-713E121CBF3C}
		{1B6AB0C8-B8E2-47AC-89E8-8B029EA1BCA2} = {07437EE3-B99D-4C5A-930F-713E121CBF3C}
		{FCDEBED7-B317-4C95-8302-0BC9880293F2} = {07437EE3-B99D-4C5A-930F-713E121CBF3C}
		{4378E407-621C-466F-AF57-DF6481A340FA} = {AE46579B-5C60-4C84-9914-1CA3F01277AF}
		{2DCF2D61-5D33-4396-B774-4C8C351FEB02} = {AE46579B-5C60-4C84-9914-1CA3F01277AF}
		{09BD2BB3-8709-4701-8645-AD22214212B8} = {AE46579B-5C60-4C84-9914-1CA3F01277AF}
		{B351B6A3-FE48-4896-A38B-F9D53FED83F1} = {AE46579B-5C60-4C84-9914-1CA3F01277AF}
		{85A94057-867B-4A31-824E-ED2FFBA6C248} = {AE46579B-5C60-4C84-9914-1CA3F01277AF}
		{C71FC5A6-0F1D-4A26-9DAB-4AAC8B6D3AD3} = {C7B0EAE7-F72E-4C91-88AD-DF5497ACB05F}
		{F23BE3FA-F0F3-4972-80B3-68A4F8924D72} = {C7B0EAE7-F72E-4C91-88AD-DF5497ACB05F}
		{7C87E261-5BEF-4C50-85BF-1D1BFF6F49AF} = {2890C695-4335-4973-91A5-145907B4C2C2}
		{8D36E0A9-087F-4197-8C38-0623E9EDBFF9} = {2890C695-4335-4973-91A5-145907B4C2C2}
		{38144553-A348-45BE-B4BB-DC1E22A6B3E0} = {14C8E760-E425-433E-9688-E767AB9E7E6E}
	EndGlobalSection
EndGlobal
